
Microsoft Visual Studio Solution File, Format Version 12.00
# Visual Studio Version 16
VisualStudioVersion = 16.0.30907.101
MinimumVisualStudioVersion = 10.0.40219.1
Project("{FAE04EC0-301F-11D3-BF4B-00C04F79EFBC}") = "JiraConnection", "JiraConnection\JiraConnection.csproj", "{D3438BD7-7268-4447-B80F-1642BC7BF773}"
EndProject
Global
	GlobalSection(SolutionConfigurationPlatforms) = preSolution
		Debug|Any CPU = Debug|Any CPU
		Release|Any CPU = Release|Any CPU
	EndGlobalSection
	GlobalSection(ProjectConfigurationPlatforms) = postSolution
		{D3438BD7-7268-4447-B80F-1642BC7BF773}.Debug|Any CPU.ActiveCfg = Debug|Any CPU
		{D3438BD7-7268-4447-B80F-1642BC7BF773}.Debug|Any CPU.Build.0 = Debug|Any CPU
		{D3438BD7-7268-4447-B80F-1642BC7BF773}.Release|Any CPU.ActiveCfg = Release|Any CPU
		{D3438BD7-7268-4447-B80F-1642BC7BF773}.Release|Any CPU.Build.0 = Release|Any CPU
	EndGlobalSection
	GlobalSection(SolutionProperties) = preSolution
		HideSolutionNode = FALSE
	EndGlobalSection
	GlobalSection(ExtensibilityGlobals) = postSolution
		SolutionGuid = {5BD2366C-A94D-4552-9176-7A21D6F8B44B}
	EndGlobalSection
EndGlobal
